
Microsoft Visual Studio Solution File, Format Version 12.00
# Visual Studio Version 17
VisualStudioVersion = 17.9.34622.214
MinimumVisualStudioVersion = 10.0.40219.1
Project("{FAE04EC0-301F-11D3-BF4B-00C04F79EFBC}") = "CSharpEgitimKampi301.EntityLayer", "CSharpEgitimKampi301.EntityLayer\CSharpEgitimKampi301.EntityLayer.csproj", "{D93D5958-3B3F-424A-8FDF-689E4B860867}"
EndProject
Project("{FAE04EC0-301F-11D3-BF4B-00C04F79EFBC}") = "CSharpEgitimKampi301.DataAccessLayer", "CSharpEgitimKampi301.DataAccessLayer\CSharpEgitimKampi301.DataAccessLayer.csproj", "{40CC3E6F-E730-48AF-B5E5-1B9D2F9C9CCD}"
EndProject
Project("{FAE04EC0-301F-11D3-BF4B-00C04F79EFBC}") = "CSharpEgitimKampi301.BusinessLayer", "CSharpEgitimKampi301.BusinessLayer\CSharpEgitimKampi301.BusinessLayer.csproj", "{F1EAA94D-CEB6-4F1E-B4CC-43F7E52DB783}"
EndProject
Project("{FAE04EC0-301F-11D3-BF4B-00C04F79EFBC}") = "CSharpEgitimKampi301.PresentationLayer", "CSharpEgitimKampi301.PresentationLayer\CSharpEgitimKampi301.PresentationLayer.csproj", "{9BE078EB-9AEA-4BAE-89C8-6CE7565C5A78}"
EndProject
Global
	GlobalSection(SolutionConfigurationPlatforms) = preSolution
		Debug|Any CPU = Debug|Any CPU
		Release|Any CPU = Release|Any CPU
	EndGlobalSection
	GlobalSection(ProjectConfigurationPlatforms) = postSolution
		{D93D5958-3B3F-424A-8FDF-689E4B860867}.Debug|Any CPU.ActiveCfg = Debug|Any CPU
		{D93D5958-3B3F-424A-8FDF-689E4B860867}.Debug|Any CPU.Build.0 = Debug|Any CPU
		{D93D5958-3B3F-424A-8FDF-689E4B860867}.Release|Any CPU.ActiveCfg = Release|Any CPU
		{D93D5958-3B3F-424A-8FDF-689E4B860867}.Release|Any CPU.Build.0 = Release|Any CPU
		{40CC3E6F-E730-48AF-B5E5-1B9D2F9C9CCD}.Debug|Any CPU.ActiveCfg = Debug|Any CPU
		{40CC3E6F-E730-48AF-B5E5-1B9D2F9C9CCD}.Debug|Any CPU.Build.0 = Debug|Any CPU
		{40CC3E6F-E730-48AF-B5E5-1B9D2F9C9CCD}.Release|Any CPU.ActiveCfg = Release|Any CPU
		{40CC3E6F-E730-48AF-B5E5-1B9D2F9C9CCD}.Release|Any CPU.Build.0 = Release|Any CPU
		{F1EAA94D-CEB6-4F1E-B4CC-43F7E52DB783}.Debug|Any CPU.ActiveCfg = Debug|Any CPU
		{F1EAA94D-CEB6-4F1E-B4CC-43F7E52DB783}.Debug|Any CPU.Build.0 = Debug|Any CPU
		{F1EAA94D-CEB6-4F1E-B4CC-43F7E52DB783}.Release|Any CPU.ActiveCfg = Release|Any CPU
		{F1EAA94D-CEB6-4F1E-B4CC-43F7E52DB783}.Release|Any CPU.Build.0 = Release|Any CPU
		{9BE078EB-9AEA-4BAE-89C8-6CE7565C5A78}.Debug|Any CPU.ActiveCfg = Debug|Any CPU
		{9BE078EB-9AEA-4BAE-89C8-6CE7565C5A78}.Debug|Any CPU.Build.0 = Debug|Any CPU
		{9BE078EB-9AEA-4BAE-89C8-6CE7565C5A78}.Release|Any CPU.ActiveCfg = Release|Any CPU
		{9BE078EB-9AEA-4BAE-89C8-6CE7565C5A78}.Release|Any CPU.Build.0 = Release|Any CPU
	EndGlobalSection
	GlobalSection(SolutionProperties) = preSolution
		HideSolutionNode = FALSE
	EndGlobalSection
	GlobalSection(ExtensibilityGlobals) = postSolution
		SolutionGuid = {DA1B274C-91DF-4E57-8CBD-A58606C929DD}
	EndGlobalSection
EndGlobal
